
Microsoft Visual Studio Solution File, Format Version 12.00
# Visual Studio 15
VisualStudioVersion = 15.0.28307.329
MinimumVisualStudioVersion = 10.0.40219.1
Project("{FAE04EC0-301F-11D3-BF4B-00C04F79EFBC}") = "CittaDashboard", "CittaDashboard\CittaDashboard.csproj", "{4A98E350-AB28-485A-9935-098B1CACEE1B}"
EndProject
Global
	GlobalSection(SolutionConfigurationPlatforms) = preSolution
		Debug|Any CPU = Debug|Any CPU
		Release|Any CPU = Release|Any CPU
	EndGlobalSection
	GlobalSection(ProjectConfigurationPlatforms) = postSolution
		{4A98E350-AB28-485A-9935-098B1CACEE1B}.Debug|Any CPU.ActiveCfg = Debug|Any CPU
		{4A98E350-AB28-485A-9935-098B1CACEE1B}.Debug|Any CPU.Build.0 = Debug|Any CPU
		{4A98E350-AB28-485A-9935-098B1CACEE1B}.Release|Any CPU.ActiveCfg = Release|Any CPU
		{4A98E350-AB28-485A-9935-098B1CACEE1B}.Release|Any CPU.Build.0 = Release|Any CPU
	EndGlobalSection
	GlobalSection(SolutionProperties) = preSolution
		HideSolutionNode = FALSE
	EndGlobalSection
	GlobalSection(ExtensibilityGlobals) = postSolution
		SolutionGuid = {6892E926-4D86-45F8-BE30-2A2D0F73AAD7}
	EndGlobalSection
EndGlobal
